
Microsoft Visual Studio Solution File, Format Version 12.00
# Visual Studio Version 17
VisualStudioVersion = 17.6.33723.286
MinimumVisualStudioVersion = 10.0.40219.1
Project("{9A19103F-16F7-4668-BE54-9A1E7A4F7556}") = "Domain", "Domain\Domain.csproj", "{60035CAF-B5BA-4A3B-9C1C-CC5E72D2B1F7}"
EndProject
Project("{9A19103F-16F7-4668-BE54-9A1E7A4F7556}") = "Application", "Application\Application.csproj", "{41C0AD94-0098-4114-8576-6463511EB087}"
EndProject
Project("{9A19103F-16F7-4668-BE54-9A1E7A4F7556}") = "Infrastructure", "Infrastructure\Infrastructure.csproj", "{D353B2FD-80A1-430B-8B98-64FFC9C8A84E}"
EndProject
Project("{9A19103F-16F7-4668-BE54-9A1E7A4F7556}") = "WebUI", "WebUI\WebUI.csproj", "{28C6DE3A-84C5-4E10-BDFE-D47CD1E7F4CB}"
EndProject
Project("{2150E333-8FDC-42A3-9474-1A3956D46DE8}") = "src", "src", "{EA1C5A53-D04D-4A50-8EB2-6BFF8A431039}"
EndProject
Global
	GlobalSection(SolutionConfigurationPlatforms) = preSolution
		Debug|Any CPU = Debug|Any CPU
		Release|Any CPU = Release|Any CPU
	EndGlobalSection
	GlobalSection(ProjectConfigurationPlatforms) = postSolution
		{60035CAF-B5BA-4A3B-9C1C-CC5E72D2B1F7}.Debug|Any CPU.ActiveCfg = Debug|Any CPU
		{60035CAF-B5BA-4A3B-9C1C-CC5E72D2B1F7}.Debug|Any CPU.Build.0 = Debug|Any CPU
		{60035CAF-B5BA-4A3B-9C1C-CC5E72D2B1F7}.Release|Any CPU.ActiveCfg = Release|Any CPU
		{60035CAF-B5BA-4A3B-9C1C-CC5E72D2B1F7}.Release|Any CPU.Build.0 = Release|Any CPU
		{41C0AD94-0098-4114-8576-6463511EB087}.Debug|Any CPU.ActiveCfg = Debug|Any CPU
		{41C0AD94-0098-4114-8576-6463511EB087}.Debug|Any CPU.Build.0 = Debug|Any CPU
		{41C0AD94-0098-4114-8576-6463511EB087}.Release|Any CPU.ActiveCfg = Release|Any CPU
		{41C0AD94-0098-4114-8576-6463511EB087}.Release|Any CPU.Build.0 = Release|Any CPU
		{D353B2FD-80A1-430B-8B98-64FFC9C8A84E}.Debug|Any CPU.ActiveCfg = Debug|Any CPU
		{D353B2FD-80A1-430B-8B98-64FFC9C8A84E}.Debug|Any CPU.Build.0 = Debug|Any CPU
		{D353B2FD-80A1-430B-8B98-64FFC9C8A84E}.Release|Any CPU.ActiveCfg = Release|Any CPU
		{D353B2FD-80A1-430B-8B98-64FFC9C8A84E}.Release|Any CPU.Build.0 = Release|Any CPU
		{28C6DE3A-84C5-4E10-BDFE-D47CD1E7F4CB}.Debug|Any CPU.ActiveCfg = Release|Any CPU
		{28C6DE3A-84C5-4E10-BDFE-D47CD1E7F4CB}.Debug|Any CPU.Build.0 = Release|Any CPU
		{28C6DE3A-84C5-4E10-BDFE-D47CD1E7F4CB}.Release|Any CPU.ActiveCfg = Release|Any CPU
		{28C6DE3A-84C5-4E10-BDFE-D47CD1E7F4CB}.Release|Any CPU.Build.0 = Release|Any CPU
	EndGlobalSection
	GlobalSection(SolutionProperties) = preSolution
		HideSolutionNode = FALSE
	EndGlobalSection
	GlobalSection(NestedProjects) = preSolution
		{60035CAF-B5BA-4A3B-9C1C-CC5E72D2B1F7} = {EA1C5A53-D04D-4A50-8EB2-6BFF8A431039}
		{41C0AD94-0098-4114-8576-6463511EB087} = {EA1C5A53-D04D-4A50-8EB2-6BFF8A431039}
		{D353B2FD-80A1-430B-8B98-64FFC9C8A84E} = {EA1C5A53-D04D-4A50-8EB2-6BFF8A431039}
		{28C6DE3A-84C5-4E10-BDFE-D47CD1E7F4CB} = {EA1C5A53-D04D-4A50-8EB2-6BFF8A431039}
	EndGlobalSection
	GlobalSection(ExtensibilityGlobals) = postSolution
		SolutionGuid = {B46EA1C3-0212-4B7B-90CA-D8A7A2845A96}
	EndGlobalSection
EndGlobal
